
Microsoft Visual Studio Solution File, Format Version 12.00
# Visual Studio 15
VisualStudioVersion = 15.0.27130.2010
MinimumVisualStudioVersion = 10.0.40219.1
Project("{9A19103F-16F7-4668-BE54-9A1E7A4F7556}") = "Edi.LightBlog", "Edi.LightBlog\Edi.LightBlog.csproj", "{58A395B2-916B-4D24-AD8C-C54172FD0BDD}"
EndProject
Global
	GlobalSection(SolutionConfigurationPlatforms) = preSolution
		Debug|Any CPU = Debug|Any CPU
		Release|Any CPU = Release|Any CPU
	EndGlobalSection
	GlobalSection(ProjectConfigurationPlatforms) = postSolution
		{58A395B2-916B-4D24-AD8C-C54172FD0BDD}.Debug|Any CPU.ActiveCfg = Debug|Any CPU
		{58A395B2-916B-4D24-AD8C-C54172FD0BDD}.Debug|Any CPU.Build.0 = Debug|Any CPU
		{58A395B2-916B-4D24-AD8C-C54172FD0BDD}.Release|Any CPU.ActiveCfg = Release|Any CPU
		{58A395B2-916B-4D24-AD8C-C54172FD0BDD}.Release|Any CPU.Build.0 = Release|Any CPU
	EndGlobalSection
	GlobalSection(SolutionProperties) = preSolution
		HideSolutionNode = FALSE
	EndGlobalSection
	GlobalSection(ExtensibilityGlobals) = postSolution
		SolutionGuid = {0E9E1DF7-9497-4182-9420-BAEF430D7D5D}
	EndGlobalSection
EndGlobal
